// !$*UTF8*$!
{
	archiveVersion = 1;
	classes = {
	};
	objectVersion = 50;
	objects = {

/* Begin PBXBuildFile section */
		1E419A4A2251BAB1009B4F49 /* AppDelegate.swift in Sources */ = {isa = PBXBuildFile; fileRef = 1E419A492251BAB1009B4F49 /* AppDelegate.swift */; };
		1E419A4C2251BAB1009B4F49 /* HomeViewController.swift in Sources */ = {isa = PBXBuildFile; fileRef = 1E419A4B2251BAB1009B4F49 /* HomeViewController.swift */; };
		1E419A4F2251BAB2009B4F49 /* Main.storyboard in Resources */ = {isa = PBXBuildFile; fileRef = 1E419A4D2251BAB2009B4F49 /* Main.storyboard */; };
		1E419A512251BAB6009B4F49 /* Assets.xcassets in Resources */ = {isa = PBXBuildFile; fileRef = 1E419A502251BAB6009B4F49 /* Assets.xcassets */; };
		1E419A542251BAB6009B4F49 /* LaunchScreen.storyboard in Resources */ = {isa = PBXBuildFile; fileRef = 1E419A522251BAB6009B4F49 /* LaunchScreen.storyboard */; };
		1E419A6622537222009B4F49 /* Home.storyboard in Resources */ = {isa = PBXBuildFile; fileRef = 1E419A6522537222009B4F49 /* Home.storyboard */; };
		1E419A68225372D0009B4F49 /* RecordViewController.swift in Sources */ = {isa = PBXBuildFile; fileRef = 1E419A67225372CF009B4F49 /* RecordViewController.swift */; };
		1E419A6A225373EA009B4F49 /* Record.storyboard in Resources */ = {isa = PBXBuildFile; fileRef = 1E419A69225373EA009B4F49 /* Record.storyboard */; };
		1E419A6C225375F7009B4F49 /* Settings.storyboard in Resources */ = {isa = PBXBuildFile; fileRef = 1E419A6B225375F7009B4F49 /* Settings.storyboard */; };
		1E419A6E22537645009B4F49 /* SettingsViewController.swift in Sources */ = {isa = PBXBuildFile; fileRef = 1E419A6D22537645009B4F49 /* SettingsViewController.swift */; };
		1E419A72225378F1009B4F49 /* .gitignore in Resources */ = {isa = PBXBuildFile; fileRef = 1E419A71225378F0009B4F49 /* .gitignore */; };
		1E419A742254B261009B4F49 /* HomeCollectionViewCell.swift in Sources */ = {isa = PBXBuildFile; fileRef = 1E419A732254B261009B4F49 /* HomeCollectionViewCell.swift */; };
		1E419A762254D749009B4F49 /* TabBarController.swift in Sources */ = {isa = PBXBuildFile; fileRef = 1E419A752254D749009B4F49 /* TabBarController.swift */; };
		1E419A7922563FCA009B4F49 /* CameraViewController.swift in Sources */ = {isa = PBXBuildFile; fileRef = 1E419A7822563FCA009B4F49 /* CameraViewController.swift */; };
		1E419A7B22588465009B4F49 /* VideoPlaybackViewController.swift in Sources */ = {isa = PBXBuildFile; fileRef = 1E419A7A22588465009B4F49 /* VideoPlaybackViewController.swift */; };
		1EF18FDC2258DD12001FEFCA /* RCVideoPlayer.swift in Sources */ = {isa = PBXBuildFile; fileRef = 1EF18FDB2258DD12001FEFCA /* RCVideoPlayer.swift */; };
		1EF18FDF2259D06C001FEFCA /* UIAlertController+Extension.swift in Sources */ = {isa = PBXBuildFile; fileRef = 1EF18FDE2259D06C001FEFCA /* UIAlertController+Extension.swift */; };
		1EF19009225C8689001FEFCA /* UIImage+Extension.swift in Sources */ = {isa = PBXBuildFile; fileRef = 1EF19008225C8689001FEFCA /* UIImage+Extension.swift */; };
		3416CDA2226AC396007D9D37 /* Reconds-Music.bundle in Resources */ = {isa = PBXBuildFile; fileRef = 3416CDA1226AC396007D9D37 /* Reconds-Music.bundle */; };
		3416CDA4226AD5EB007D9D37 /* MusicViewController.swift in Sources */ = {isa = PBXBuildFile; fileRef = 3416CDA3226AD5EB007D9D37 /* MusicViewController.swift */; };
		3416CDA6226C45AA007D9D37 /* MusicTableViewCell.swift in Sources */ = {isa = PBXBuildFile; fileRef = 3416CDA5226C45AA007D9D37 /* MusicTableViewCell.swift */; };
		3416CDA8226CC86B007D9D37 /* ExportViewController.swift in Sources */ = {isa = PBXBuildFile; fileRef = 3416CDA7226CC86B007D9D37 /* ExportViewController.swift */; };
		34300BAD226DAFF400CF3429 /* MyVideosViewController.swift in Sources */ = {isa = PBXBuildFile; fileRef = 34300BAC226DAFF400CF3429 /* MyVideosViewController.swift */; };
		34300BB0226DB19E00CF3429 /* MyVideosCollectionViewCell.swift in Sources */ = {isa = PBXBuildFile; fileRef = 34300BAF226DB19E00CF3429 /* MyVideosCollectionViewCell.swift */; };
		34300BB3226DBA5C00CF3429 /* VideoCollection+CoreDataProperties.swift in Sources */ = {isa = PBXBuildFile; fileRef = 34300BB1226DBA5C00CF3429 /* VideoCollection+CoreDataProperties.swift */; };
		34300BB4226DBA5C00CF3429 /* VideoCollection+CoreDataClass.swift in Sources */ = {isa = PBXBuildFile; fileRef = 34300BB2226DBA5C00CF3429 /* VideoCollection+CoreDataClass.swift */; };
		34300BB8227047DA00CF3429 /* MyVideosDetailViewController.swift in Sources */ = {isa = PBXBuildFile; fileRef = 34300BB7227047DA00CF3429 /* MyVideosDetailViewController.swift */; };
		348FBD69225F1EAE000F53F6 /* StorageManager.swift in Sources */ = {isa = PBXBuildFile; fileRef = 348FBD68225F1EAE000F53F6 /* StorageManager.swift */; };
		348FBD6E225F1F20000F53F6 /* Reconds.xcdatamodeld in Sources */ = {isa = PBXBuildFile; fileRef = 348FBD6C225F1F20000F53F6 /* Reconds.xcdatamodeld */; };
		348FBD71225F1F52000F53F6 /* VideoData+CoreDataClass.swift in Sources */ = {isa = PBXBuildFile; fileRef = 348FBD6F225F1F52000F53F6 /* VideoData+CoreDataClass.swift */; };
		348FBD72225F1F52000F53F6 /* VideoData+CoreDataProperties.swift in Sources */ = {isa = PBXBuildFile; fileRef = 348FBD70225F1F52000F53F6 /* VideoData+CoreDataProperties.swift */; };
		34A0FE9522648F11009F4D45 /* MergeVideoManager.swift in Sources */ = {isa = PBXBuildFile; fileRef = 34A0FE9422648F11009F4D45 /* MergeVideoManager.swift */; };
		34A0FE972265B694009F4D45 /* FileManager+Extension.swift in Sources */ = {isa = PBXBuildFile; fileRef = 34A0FE962265B694009F4D45 /* FileManager+Extension.swift */; };
		E676519397AAC4529F277A2A /* Pods_Reconds.framework in Frameworks */ = {isa = PBXBuildFile; fileRef = 02067C339529F8DFBDD6D0CB /* Pods_Reconds.framework */; };
/* End PBXBuildFile section */

/* Begin PBXFileReference section */
		02067C339529F8DFBDD6D0CB /* Pods_Reconds.framework */ = {isa = PBXFileReference; explicitFileType = wrapper.framework; includeInIndex = 0; path = Pods_Reconds.framework; sourceTree = BUILT_PRODUCTS_DIR; };
		050571E9D4904CCA58775BED /* Pods-Reconds.release.xcconfig */ = {isa = PBXFileReference; includeInIndex = 1; lastKnownFileType = text.xcconfig; name = "Pods-Reconds.release.xcconfig"; path = "Target Support Files/Pods-Reconds/Pods-Reconds.release.xcconfig"; sourceTree = "<group>"; };
		1E419A462251BAB1009B4F49 /* Reconds.app */ = {isa = PBXFileReference; explicitFileType = wrapper.application; includeInIndex = 0; path = Reconds.app; sourceTree = BUILT_PRODUCTS_DIR; };
		1E419A492251BAB1009B4F49 /* AppDelegate.swift */ = {isa = PBXFileReference; lastKnownFileType = sourcecode.swift; path = AppDelegate.swift; sourceTree = "<group>"; };
		1E419A4B2251BAB1009B4F49 /* HomeViewController.swift */ = {isa = PBXFileReference; lastKnownFileType = sourcecode.swift; path = HomeViewController.swift; sourceTree = "<group>"; };
		1E419A4E2251BAB2009B4F49 /* Base */ = {isa = PBXFileReference; lastKnownFileType = file.storyboard; name = Base; path = Base.lproj/Main.storyboard; sourceTree = "<group>"; };
		1E419A502251BAB6009B4F49 /* Assets.xcassets */ = {isa = PBXFileReference; lastKnownFileType = folder.assetcatalog; path = Assets.xcassets; sourceTree = "<group>"; };
		1E419A532251BAB6009B4F49 /* Base */ = {isa = PBXFileReference; lastKnownFileType = file.storyboard; name = Base; path = Base.lproj/LaunchScreen.storyboard; sourceTree = "<group>"; };
		1E419A552251BAB6009B4F49 /* Info.plist */ = {isa = PBXFileReference; lastKnownFileType = text.plist.xml; path = Info.plist; sourceTree = "<group>"; };
		1E419A6522537222009B4F49 /* Home.storyboard */ = {isa = PBXFileReference; lastKnownFileType = file.storyboard; path = Home.storyboard; sourceTree = "<group>"; };
		1E419A67225372CF009B4F49 /* RecordViewController.swift */ = {isa = PBXFileReference; lastKnownFileType = sourcecode.swift; path = RecordViewController.swift; sourceTree = "<group>"; };
		1E419A69225373EA009B4F49 /* Record.storyboard */ = {isa = PBXFileReference; lastKnownFileType = file.storyboard; path = Record.storyboard; sourceTree = "<group>"; };
		1E419A6B225375F7009B4F49 /* Settings.storyboard */ = {isa = PBXFileReference; lastKnownFileType = file.storyboard; path = Settings.storyboard; sourceTree = "<group>"; };
		1E419A6D22537645009B4F49 /* SettingsViewController.swift */ = {isa = PBXFileReference; lastKnownFileType = sourcecode.swift; path = SettingsViewController.swift; sourceTree = "<group>"; };
		1E419A71225378F0009B4F49 /* .gitignore */ = {isa = PBXFileReference; lastKnownFileType = text; path = .gitignore; sourceTree = "<group>"; };
		1E419A732254B261009B4F49 /* HomeCollectionViewCell.swift */ = {isa = PBXFileReference; lastKnownFileType = sourcecode.swift; path = HomeCollectionViewCell.swift; sourceTree = "<group>"; };
		1E419A752254D749009B4F49 /* TabBarController.swift */ = {isa = PBXFileReference; lastKnownFileType = sourcecode.swift; path = TabBarController.swift; sourceTree = "<group>"; };
		1E419A7822563FCA009B4F49 /* CameraViewController.swift */ = {isa = PBXFileReference; lastKnownFileType = sourcecode.swift; path = CameraViewController.swift; sourceTree = "<group>"; };
		1E419A7A22588465009B4F49 /* VideoPlaybackViewController.swift */ = {isa = PBXFileReference; lastKnownFileType = sourcecode.swift; path = VideoPlaybackViewController.swift; sourceTree = "<group>"; };
		1EF18FDB2258DD12001FEFCA /* RCVideoPlayer.swift */ = {isa = PBXFileReference; lastKnownFileType = sourcecode.swift; path = RCVideoPlayer.swift; sourceTree = "<group>"; };
		1EF18FDE2259D06C001FEFCA /* UIAlertController+Extension.swift */ = {isa = PBXFileReference; lastKnownFileType = sourcecode.swift; path = "UIAlertController+Extension.swift"; sourceTree = "<group>"; };
		1EF19008225C8689001FEFCA /* UIImage+Extension.swift */ = {isa = PBXFileReference; lastKnownFileType = sourcecode.swift; path = "UIImage+Extension.swift"; sourceTree = "<group>"; };
		3416CDA1226AC396007D9D37 /* Reconds-Music.bundle */ = {isa = PBXFileReference; lastKnownFileType = "wrapper.plug-in"; path = "Reconds-Music.bundle"; sourceTree = "<group>"; };
		3416CDA3226AD5EB007D9D37 /* MusicViewController.swift */ = {isa = PBXFileReference; lastKnownFileType = sourcecode.swift; name = MusicViewController.swift; path = Reconds/Controller/Home/MusicViewController.swift; sourceTree = SOURCE_ROOT; };
		3416CDA5226C45AA007D9D37 /* MusicTableViewCell.swift */ = {isa = PBXFileReference; lastKnownFileType = sourcecode.swift; path = MusicTableViewCell.swift; sourceTree = "<group>"; };
		3416CDA7226CC86B007D9D37 /* ExportViewController.swift */ = {isa = PBXFileReference; lastKnownFileType = sourcecode.swift; path = ExportViewController.swift; sourceTree = "<group>"; };
		34300BAC226DAFF400CF3429 /* MyVideosViewController.swift */ = {isa = PBXFileReference; lastKnownFileType = sourcecode.swift; path = MyVideosViewController.swift; sourceTree = "<group>"; };
		34300BAF226DB19E00CF3429 /* MyVideosCollectionViewCell.swift */ = {isa = PBXFileReference; lastKnownFileType = sourcecode.swift; path = MyVideosCollectionViewCell.swift; sourceTree = "<group>"; };
		34300BB1226DBA5C00CF3429 /* VideoCollection+CoreDataProperties.swift */ = {isa = PBXFileReference; fileEncoding = 4; lastKnownFileType = sourcecode.swift; path = "VideoCollection+CoreDataProperties.swift"; sourceTree = "<group>"; };
		34300BB2226DBA5C00CF3429 /* VideoCollection+CoreDataClass.swift */ = {isa = PBXFileReference; fileEncoding = 4; lastKnownFileType = sourcecode.swift; path = "VideoCollection+CoreDataClass.swift"; sourceTree = "<group>"; };
		34300BB7227047DA00CF3429 /* MyVideosDetailViewController.swift */ = {isa = PBXFileReference; lastKnownFileType = sourcecode.swift; path = MyVideosDetailViewController.swift; sourceTree = "<group>"; };
		348FBD68225F1EAE000F53F6 /* StorageManager.swift */ = {isa = PBXFileReference; lastKnownFileType = sourcecode.swift; path = StorageManager.swift; sourceTree = "<group>"; };
		348FBD6D225F1F20000F53F6 /* VideoDataModel.xcdatamodel */ = {isa = PBXFileReference; lastKnownFileType = wrapper.xcdatamodel; path = VideoDataModel.xcdatamodel; sourceTree = "<group>"; };
		348FBD6F225F1F52000F53F6 /* VideoData+CoreDataClass.swift */ = {isa = PBXFileReference; lastKnownFileType = sourcecode.swift; path = "VideoData+CoreDataClass.swift"; sourceTree = "<group>"; };
		348FBD70225F1F52000F53F6 /* VideoData+CoreDataProperties.swift */ = {isa = PBXFileReference; lastKnownFileType = sourcecode.swift; path = "VideoData+CoreDataProperties.swift"; sourceTree = "<group>"; };
		34A0FE9422648F11009F4D45 /* MergeVideoManager.swift */ = {isa = PBXFileReference; lastKnownFileType = sourcecode.swift; path = MergeVideoManager.swift; sourceTree = "<group>"; };
		34A0FE962265B694009F4D45 /* FileManager+Extension.swift */ = {isa = PBXFileReference; lastKnownFileType = sourcecode.swift; path = "FileManager+Extension.swift"; sourceTree = "<group>"; };
		79EEB751CF20B6FF5B0601BD /* Pods-Reconds.debug.xcconfig */ = {isa = PBXFileReference; includeInIndex = 1; lastKnownFileType = text.xcconfig; name = "Pods-Reconds.debug.xcconfig"; path = "Target Support Files/Pods-Reconds/Pods-Reconds.debug.xcconfig"; sourceTree = "<group>"; };
/* End PBXFileReference section */

/* Begin PBXFrameworksBuildPhase section */
		1E419A432251BAB1009B4F49 /* Frameworks */ = {
			isa = PBXFrameworksBuildPhase;
			buildActionMask = 2147483647;
			files = (
				E676519397AAC4529F277A2A /* Pods_Reconds.framework in Frameworks */,
			);
			runOnlyForDeploymentPostprocessing = 0;
		};
/* End PBXFrameworksBuildPhase section */

/* Begin PBXGroup section */
		0EB57E45D23C87AA74EB4F9D /* Pods */ = {
			isa = PBXGroup;
			children = (
				79EEB751CF20B6FF5B0601BD /* Pods-Reconds.debug.xcconfig */,
				050571E9D4904CCA58775BED /* Pods-Reconds.release.xcconfig */,
			);
			path = Pods;
			sourceTree = "<group>";
		};
		1E419A3D2251BAB1009B4F49 = {
			isa = PBXGroup;
			children = (
				1E419A71225378F0009B4F49 /* .gitignore */,
				1E419A482251BAB1009B4F49 /* Reconds */,
				1E419A472251BAB1009B4F49 /* Products */,
				0EB57E45D23C87AA74EB4F9D /* Pods */,
				C9E2E0CA29339BF3F85861F5 /* Frameworks */,
			);
			sourceTree = "<group>";
		};
		1E419A472251BAB1009B4F49 /* Products */ = {
			isa = PBXGroup;
			children = (
				1E419A462251BAB1009B4F49 /* Reconds.app */,
			);
			name = Products;
			sourceTree = "<group>";
		};
		1E419A482251BAB1009B4F49 /* Reconds */ = {
			isa = PBXGroup;
			children = (
				1EF18FDD2259D016001FEFCA /* Extension */,
				1E419A642253714E009B4F49 /* Resource */,
				1E419A612253686A009B4F49 /* View */,
				1E419A602253685D009B4F49 /* Controller */,
				1E419A5F2253683D009B4F49 /* Model */,
				1E419A492251BAB1009B4F49 /* AppDelegate.swift */,
				1E419A552251BAB6009B4F49 /* Info.plist */,
			);
			path = Reconds;
			sourceTree = "<group>";
		};
		1E419A5F2253683D009B4F49 /* Model */ = {
			isa = PBXGroup;
			children = (
				1EF18FDB2258DD12001FEFCA /* RCVideoPlayer.swift */,
				34A0FE9422648F11009F4D45 /* MergeVideoManager.swift */,
				348FBD59225F1D0D000F53F6 /* CoreData */,
			);
			path = Model;
			sourceTree = "<group>";
		};
		1E419A602253685D009B4F49 /* Controller */ = {
			isa = PBXGroup;
			children = (
				34300BAB226DAFD400CF3429 /* MyVideos */,
				1E419A7722563EE8009B4F49 /* Record */,
				1E419A6F22537659009B4F49 /* Home */,
				1E419A6D22537645009B4F49 /* SettingsViewController.swift */,
				1E419A752254D749009B4F49 /* TabBarController.swift */,
			);
			path = Controller;
			sourceTree = "<group>";
		};
		1E419A612253686A009B4F49 /* View */ = {
			isa = PBXGroup;
			children = (
				34300BAE226DB18D00CF3429 /* MyVideos */,
				1E419A702253766E009B4F49 /* Home */,
				1E419A522251BAB6009B4F49 /* LaunchScreen.storyboard */,
				1E419A4D2251BAB2009B4F49 /* Main.storyboard */,
				1E419A6522537222009B4F49 /* Home.storyboard */,
				1E419A69225373EA009B4F49 /* Record.storyboard */,
				1E419A6B225375F7009B4F49 /* Settings.storyboard */,
			);
			path = View;
			sourceTree = "<group>";
		};
		1E419A642253714E009B4F49 /* Resource */ = {
			isa = PBXGroup;
			children = (
				3416CDA1226AC396007D9D37 /* Reconds-Music.bundle */,
				1E419A502251BAB6009B4F49 /* Assets.xcassets */,
			);
			path = Resource;
			sourceTree = "<group>";
		};
		1E419A6F22537659009B4F49 /* Home */ = {
			isa = PBXGroup;
			children = (
				1E419A4B2251BAB1009B4F49 /* HomeViewController.swift */,
				3416CDA3226AD5EB007D9D37 /* MusicViewController.swift */,
				3416CDA7226CC86B007D9D37 /* ExportViewController.swift */,
			);
			path = Home;
			sourceTree = "<group>";
		};
		1E419A702253766E009B4F49 /* Home */ = {
			isa = PBXGroup;
			children = (
				1E419A732254B261009B4F49 /* HomeCollectionViewCell.swift */,
				3416CDA5226C45AA007D9D37 /* MusicTableViewCell.swift */,
			);
			path = Home;
			sourceTree = "<group>";
		};
		1E419A7722563EE8009B4F49 /* Record */ = {
			isa = PBXGroup;
			children = (
				1E419A67225372CF009B4F49 /* RecordViewController.swift */,
				1E419A7822563FCA009B4F49 /* CameraViewController.swift */,
				1E419A7A22588465009B4F49 /* VideoPlaybackViewController.swift */,
			);
			path = Record;
			sourceTree = "<group>";
		};
		1EF18FDD2259D016001FEFCA /* Extension */ = {
			isa = PBXGroup;
			children = (
				1EF18FDE2259D06C001FEFCA /* UIAlertController+Extension.swift */,
				1EF19008225C8689001FEFCA /* UIImage+Extension.swift */,
				34A0FE962265B694009F4D45 /* FileManager+Extension.swift */,
			);
			path = Extension;
			sourceTree = "<group>";
		};
		34300BA1226D9E6800CF3429 /* VideoData */ = {
			isa = PBXGroup;
			children = (
				348FBD6F225F1F52000F53F6 /* VideoData+CoreDataClass.swift */,
				348FBD70225F1F52000F53F6 /* VideoData+CoreDataProperties.swift */,
			);
			path = VideoData;
			sourceTree = "<group>";
		};
		34300BA2226D9E8800CF3429 /* MyVideos */ = {
			isa = PBXGroup;
			children = (
				34300BB2226DBA5C00CF3429 /* VideoCollection+CoreDataClass.swift */,
				34300BB1226DBA5C00CF3429 /* VideoCollection+CoreDataProperties.swift */,
			);
			path = MyVideos;
			sourceTree = "<group>";
		};
		34300BAB226DAFD400CF3429 /* MyVideos */ = {
			isa = PBXGroup;
			children = (
				34300BAC226DAFF400CF3429 /* MyVideosViewController.swift */,
				34300BB7227047DA00CF3429 /* MyVideosDetailViewController.swift */,
			);
			path = MyVideos;
			sourceTree = "<group>";
		};
		34300BAE226DB18D00CF3429 /* MyVideos */ = {
			isa = PBXGroup;
			children = (
				34300BAF226DB19E00CF3429 /* MyVideosCollectionViewCell.swift */,
			);
			path = MyVideos;
			sourceTree = "<group>";
		};
		348FBD59225F1D0D000F53F6 /* CoreData */ = {
			isa = PBXGroup;
			children = (
				348FBD68225F1EAE000F53F6 /* StorageManager.swift */,
				348FBD6C225F1F20000F53F6 /* Reconds.xcdatamodeld */,
				34300BA1226D9E6800CF3429 /* VideoData */,
				34300BA2226D9E8800CF3429 /* MyVideos */,
			);
			path = CoreData;
			sourceTree = "<group>";
		};
		C9E2E0CA29339BF3F85861F5 /* Frameworks */ = {
			isa = PBXGroup;
			children = (
				02067C339529F8DFBDD6D0CB /* Pods_Reconds.framework */,
			);
			name = Frameworks;
			sourceTree = "<group>";
		};
/* End PBXGroup section */

/* Begin PBXNativeTarget section */
		1E419A452251BAB1009B4F49 /* Reconds */ = {
			isa = PBXNativeTarget;
			buildConfigurationList = 1E419A582251BAB6009B4F49 /* Build configuration list for PBXNativeTarget "Reconds" */;
			buildPhases = (
				184D64C6E8C78990E190DAB1 /* [CP] Check Pods Manifest.lock */,
				1E419A422251BAB1009B4F49 /* Sources */,
				1E419A432251BAB1009B4F49 /* Frameworks */,
				1E419A442251BAB1009B4F49 /* Resources */,
				1E813218225C993800482841 /* SwiftLint */,
				E389701EDF4AF03279567262 /* [CP] Embed Pods Frameworks */,
			);
			buildRules = (
			);
			dependencies = (
			);
			name = Reconds;
			productName = Reconds;
			productReference = 1E419A462251BAB1009B4F49 /* Reconds.app */;
			productType = "com.apple.product-type.application";
		};
/* End PBXNativeTarget section */

/* Begin PBXProject section */
		1E419A3E2251BAB1009B4F49 /* Project object */ = {
			isa = PBXProject;
			attributes = {
				LastSwiftUpdateCheck = 1010;
				LastUpgradeCheck = 1010;
				ORGANIZATIONNAME = "Yu-Hsin Yeh";
				TargetAttributes = {
					1E419A452251BAB1009B4F49 = {
						CreatedOnToolsVersion = 10.1;
						LastSwiftMigration = 1020;
					};
				};
			};
			buildConfigurationList = 1E419A412251BAB1009B4F49 /* Build configuration list for PBXProject "Reconds" */;
			compatibilityVersion = "Xcode 9.3";
			developmentRegion = en;
			hasScannedForEncodings = 0;
			knownRegions = (
				en,
				Base,
			);
			mainGroup = 1E419A3D2251BAB1009B4F49;
			productRefGroup = 1E419A472251BAB1009B4F49 /* Products */;
			projectDirPath = "";
			projectRoot = "";
			targets = (
				1E419A452251BAB1009B4F49 /* Reconds */,
			);
		};
/* End PBXProject section */

/* Begin PBXResourcesBuildPhase section */
		1E419A442251BAB1009B4F49 /* Resources */ = {
			isa = PBXResourcesBuildPhase;
			buildActionMask = 2147483647;
			files = (
				3416CDA2226AC396007D9D37 /* Reconds-Music.bundle in Resources */,
				1E419A542251BAB6009B4F49 /* LaunchScreen.storyboard in Resources */,
				1E419A72225378F1009B4F49 /* .gitignore in Resources */,
				1E419A6A225373EA009B4F49 /* Record.storyboard in Resources */,
				1E419A512251BAB6009B4F49 /* Assets.xcassets in Resources */,
				1E419A6C225375F7009B4F49 /* Settings.storyboard in Resources */,
				1E419A6622537222009B4F49 /* Home.storyboard in Resources */,
				1E419A4F2251BAB2009B4F49 /* Main.storyboard in Resources */,
			);
			runOnlyForDeploymentPostprocessing = 0;
		};
/* End PBXResourcesBuildPhase section */

/* Begin PBXShellScriptBuildPhase section */
		184D64C6E8C78990E190DAB1 /* [CP] Check Pods Manifest.lock */ = {
			isa = PBXShellScriptBuildPhase;
			buildActionMask = 2147483647;
			files = (
			);
			inputFileListPaths = (
			);
			inputPaths = (
				"${PODS_PODFILE_DIR_PATH}/Podfile.lock",
				"${PODS_ROOT}/Manifest.lock",
			);
			name = "[CP] Check Pods Manifest.lock";
			outputFileListPaths = (
			);
			outputPaths = (
				"$(DERIVED_FILE_DIR)/Pods-Reconds-checkManifestLockResult.txt",
			);
			runOnlyForDeploymentPostprocessing = 0;
			shellPath = /bin/sh;
			shellScript = "diff \"${PODS_PODFILE_DIR_PATH}/Podfile.lock\" \"${PODS_ROOT}/Manifest.lock\" > /dev/null\nif [ $? != 0 ] ; then\n    # print error to STDERR\n    echo \"error: The sandbox is not in sync with the Podfile.lock. Run 'pod install' or update your CocoaPods installation.\" >&2\n    exit 1\nfi\n# This output is used by Xcode 'outputs' to avoid re-running this script phase.\necho \"SUCCESS\" > \"${SCRIPT_OUTPUT_FILE_0}\"\n";
			showEnvVarsInLog = 0;
		};
		1E813218225C993800482841 /* SwiftLint */ = {
			isa = PBXShellScriptBuildPhase;
			buildActionMask = 2147483647;
			files = (
			);
			inputFileListPaths = (
			);
			inputPaths = (
			);
			name = SwiftLint;
			outputFileListPaths = (
			);
			outputPaths = (
			);
			runOnlyForDeploymentPostprocessing = 0;
			shellPath = /bin/sh;
			shellScript = "\"${PODS_ROOT}/SwiftLint/swiftlint\"\n";
		};
		E389701EDF4AF03279567262 /* [CP] Embed Pods Frameworks */ = {
			isa = PBXShellScriptBuildPhase;
			buildActionMask = 2147483647;
			files = (
			);
			inputFileListPaths = (
			);
			inputPaths = (
				"${PODS_ROOT}/Target Support Files/Pods-Reconds/Pods-Reconds-frameworks.sh",
				"${BUILT_PRODUCTS_DIR}/NVActivityIndicatorView/NVActivityIndicatorView.framework",
			);
			name = "[CP] Embed Pods Frameworks";
			outputFileListPaths = (
			);
			outputPaths = (
				"${TARGET_BUILD_DIR}/${FRAMEWORKS_FOLDER_PATH}/NVActivityIndicatorView.framework",
			);
			runOnlyForDeploymentPostprocessing = 0;
			shellPath = /bin/sh;
			shellScript = "\"${PODS_ROOT}/Target Support Files/Pods-Reconds/Pods-Reconds-frameworks.sh\"\n";
			showEnvVarsInLog = 0;
		};
/* End PBXShellScriptBuildPhase section */

/* Begin PBXSourcesBuildPhase section */
		1E419A422251BAB1009B4F49 /* Sources */ = {
			isa = PBXSourcesBuildPhase;
			buildActionMask = 2147483647;
			files = (
				34300BB0226DB19E00CF3429 /* MyVideosCollectionViewCell.swift in Sources */,
				1E419A742254B261009B4F49 /* HomeCollectionViewCell.swift in Sources */,
				1E419A4C2251BAB1009B4F49 /* HomeViewController.swift in Sources */,
				1EF19009225C8689001FEFCA /* UIImage+Extension.swift in Sources */,
				1E419A68225372D0009B4F49 /* RecordViewController.swift in Sources */,
				34300BB3226DBA5C00CF3429 /* VideoCollection+CoreDataProperties.swift in Sources */,
				34A0FE9522648F11009F4D45 /* MergeVideoManager.swift in Sources */,
				1EF18FDC2258DD12001FEFCA /* RCVideoPlayer.swift in Sources */,
				3416CDA4226AD5EB007D9D37 /* MusicViewController.swift in Sources */,
				1E419A7B22588465009B4F49 /* VideoPlaybackViewController.swift in Sources */,
				1E419A4A2251BAB1009B4F49 /* AppDelegate.swift in Sources */,
				348FBD6E225F1F20000F53F6 /* Reconds.xcdatamodeld in Sources */,
				34300BAD226DAFF400CF3429 /* MyVideosViewController.swift in Sources */,
				34300BB4226DBA5C00CF3429 /* VideoCollection+CoreDataClass.swift in Sources */,
				1EF18FDF2259D06C001FEFCA /* UIAlertController+Extension.swift in Sources */,
				348FBD69225F1EAE000F53F6 /* StorageManager.swift in Sources */,
				3416CDA6226C45AA007D9D37 /* MusicTableViewCell.swift in Sources */,
				34A0FE972265B694009F4D45 /* FileManager+Extension.swift in Sources */,
				3416CDA8226CC86B007D9D37 /* ExportViewController.swift in Sources */,
				1E419A7922563FCA009B4F49 /* CameraViewController.swift in Sources */,
				34300BB8227047DA00CF3429 /* MyVideosDetailViewController.swift in Sources */,
				348FBD72225F1F52000F53F6 /* VideoData+CoreDataProperties.swift in Sources */,
				1E419A762254D749009B4F49 /* TabBarController.swift in Sources */,
				1E419A6E22537645009B4F49 /* SettingsViewController.swift in Sources */,
				348FBD71225F1F52000F53F6 /* VideoData+CoreDataClass.swift in Sources */,
			);
			runOnlyForDeploymentPostprocessing = 0;
		};
/* End PBXSourcesBuildPhase section */

/* Begin PBXVariantGroup section */
		1E419A4D2251BAB2009B4F49 /* Main.storyboard */ = {
			isa = PBXVariantGroup;
			children = (
				1E419A4E2251BAB2009B4F49 /* Base */,
			);
			name = Main.storyboard;
			sourceTree = "<group>";
		};
		1E419A522251BAB6009B4F49 /* LaunchScreen.storyboard */ = {
			isa = PBXVariantGroup;
			children = (
				1E419A532251BAB6009B4F49 /* Base */,
			);
			name = LaunchScreen.storyboard;
			sourceTree = "<group>";
		};
/* End PBXVariantGroup section */

/* Begin XCBuildConfiguration section */
		1E419A562251BAB6009B4F49 /* Debug */ = {
			isa = XCBuildConfiguration;
			buildSettings = {
				ALWAYS_SEARCH_USER_PATHS = NO;
				CLANG_ANALYZER_NONNULL = YES;
				CLANG_ANALYZER_NUMBER_OBJECT_CONVERSION = YES_AGGRESSIVE;
				CLANG_CXX_LANGUAGE_STANDARD = "gnu++14";
				CLANG_CXX_LIBRARY = "libc++";
				CLANG_ENABLE_MODULES = YES;
				CLANG_ENABLE_OBJC_ARC = YES;
				CLANG_ENABLE_OBJC_WEAK = YES;
				CLANG_WARN_BLOCK_CAPTURE_AUTORELEASING = YES;
				CLANG_WARN_BOOL_CONVERSION = YES;
				CLANG_WARN_COMMA = YES;
				CLANG_WARN_CONSTANT_CONVERSION = YES;
				CLANG_WARN_DEPRECATED_OBJC_IMPLEMENTATIONS = YES;
				CLANG_WARN_DIRECT_OBJC_ISA_USAGE = YES_ERROR;
				CLANG_WARN_DOCUMENTATION_COMMENTS = YES;
				CLANG_WARN_EMPTY_BODY = YES;
				CLANG_WARN_ENUM_CONVERSION = YES;
				CLANG_WARN_INFINITE_RECURSION = YES;
				CLANG_WARN_INT_CONVERSION = YES;
				CLANG_WARN_NON_LITERAL_NULL_CONVERSION = YES;
				CLANG_WARN_OBJC_IMPLICIT_RETAIN_SELF = YES;
				CLANG_WARN_OBJC_LITERAL_CONVERSION = YES;
				CLANG_WARN_OBJC_ROOT_CLASS = YES_ERROR;
				CLANG_WARN_RANGE_LOOP_ANALYSIS = YES;
				CLANG_WARN_STRICT_PROTOTYPES = YES;
				CLANG_WARN_SUSPICIOUS_MOVE = YES;
				CLANG_WARN_UNGUARDED_AVAILABILITY = YES_AGGRESSIVE;
				CLANG_WARN_UNREACHABLE_CODE = YES;
				CLANG_WARN__DUPLICATE_METHOD_MATCH = YES;
				CODE_SIGN_IDENTITY = "iPhone Developer";
				COPY_PHASE_STRIP = NO;
				DEBUG_INFORMATION_FORMAT = dwarf;
				ENABLE_STRICT_OBJC_MSGSEND = YES;
				ENABLE_TESTABILITY = YES;
				GCC_C_LANGUAGE_STANDARD = gnu11;
				GCC_DYNAMIC_NO_PIC = NO;
				GCC_NO_COMMON_BLOCKS = YES;
				GCC_OPTIMIZATION_LEVEL = 0;
				GCC_PREPROCESSOR_DEFINITIONS = (
					"DEBUG=1",
					"$(inherited)",
				);
				GCC_WARN_64_TO_32_BIT_CONVERSION = YES;
				GCC_WARN_ABOUT_RETURN_TYPE = YES_ERROR;
				GCC_WARN_UNDECLARED_SELECTOR = YES;
				GCC_WARN_UNINITIALIZED_AUTOS = YES_AGGRESSIVE;
				GCC_WARN_UNUSED_FUNCTION = YES;
				GCC_WARN_UNUSED_VARIABLE = YES;
				IPHONEOS_DEPLOYMENT_TARGET = 12.1;
				MTL_ENABLE_DEBUG_INFO = INCLUDE_SOURCE;
				MTL_FAST_MATH = YES;
				ONLY_ACTIVE_ARCH = YES;
				SDKROOT = iphoneos;
				SWIFT_ACTIVE_COMPILATION_CONDITIONS = DEBUG;
				SWIFT_OPTIMIZATION_LEVEL = "-Onone";
			};
			name = Debug;
		};
		1E419A572251BAB6009B4F49 /* Release */ = {
			isa = XCBuildConfiguration;
			buildSettings = {
				ALWAYS_SEARCH_USER_PATHS = NO;
				CLANG_ANALYZER_NONNULL = YES;
				CLANG_ANALYZER_NUMBER_OBJECT_CONVERSION = YES_AGGRESSIVE;
				CLANG_CXX_LANGUAGE_STANDARD = "gnu++14";
				CLANG_CXX_LIBRARY = "libc++";
				CLANG_ENABLE_MODULES = YES;
				CLANG_ENABLE_OBJC_ARC = YES;
				CLANG_ENABLE_OBJC_WEAK = YES;
				CLANG_WARN_BLOCK_CAPTURE_AUTORELEASING = YES;
				CLANG_WARN_BOOL_CONVERSION = YES;
				CLANG_WARN_COMMA = YES;
				CLANG_WARN_CONSTANT_CONVERSION = YES;
				CLANG_WARN_DEPRECATED_OBJC_IMPLEMENTATIONS = YES;
				CLANG_WARN_DIRECT_OBJC_ISA_USAGE = YES_ERROR;
				CLANG_WARN_DOCUMENTATION_COMMENTS = YES;
				CLANG_WARN_EMPTY_BODY = YES;
				CLANG_WARN_ENUM_CONVERSION = YES;
				CLANG_WARN_INFINITE_RECURSION = YES;
				CLANG_WARN_INT_CONVERSION = YES;
				CLANG_WARN_NON_LITERAL_NULL_CONVERSION = YES;
				CLANG_WARN_OBJC_IMPLICIT_RETAIN_SELF = YES;
				CLANG_WARN_OBJC_LITERAL_CONVERSION = YES;
				CLANG_WARN_OBJC_ROOT_CLASS = YES_ERROR;
				CLANG_WARN_RANGE_LOOP_ANALYSIS = YES;
				CLANG_WARN_STRICT_PROTOTYPES = YES;
				CLANG_WARN_SUSPICIOUS_MOVE = YES;
				CLANG_WARN_UNGUARDED_AVAILABILITY = YES_AGGRESSIVE;
				CLANG_WARN_UNREACHABLE_CODE = YES;
				CLANG_WARN__DUPLICATE_METHOD_MATCH = YES;
				CODE_SIGN_IDENTITY = "iPhone Developer";
				COPY_PHASE_STRIP = NO;
				DEBUG_INFORMATION_FORMAT = "dwarf-with-dsym";
				ENABLE_NS_ASSERTIONS = NO;
				ENABLE_STRICT_OBJC_MSGSEND = YES;
				GCC_C_LANGUAGE_STANDARD = gnu11;
				GCC_NO_COMMON_BLOCKS = YES;
				GCC_WARN_64_TO_32_BIT_CONVERSION = YES;
				GCC_WARN_ABOUT_RETURN_TYPE = YES_ERROR;
				GCC_WARN_UNDECLARED_SELECTOR = YES;
				GCC_WARN_UNINITIALIZED_AUTOS = YES_AGGRESSIVE;
				GCC_WARN_UNUSED_FUNCTION = YES;
				GCC_WARN_UNUSED_VARIABLE = YES;
				IPHONEOS_DEPLOYMENT_TARGET = 12.1;
				MTL_ENABLE_DEBUG_INFO = NO;
				MTL_FAST_MATH = YES;
				SDKROOT = iphoneos;
				SWIFT_COMPILATION_MODE = wholemodule;
				SWIFT_OPTIMIZATION_LEVEL = "-O";
				VALIDATE_PRODUCT = YES;
			};
			name = Release;
		};
		1E419A592251BAB6009B4F49 /* Debug */ = {
			isa = XCBuildConfiguration;
			baseConfigurationReference = 79EEB751CF20B6FF5B0601BD /* Pods-Reconds.debug.xcconfig */;
			buildSettings = {
				ALWAYS_EMBED_SWIFT_STANDARD_LIBRARIES = YES;
				ASSETCATALOG_COMPILER_APPICON_NAME = AppIcon;
				CODE_SIGN_STYLE = Automatic;
				DEVELOPMENT_TEAM = TS57F7BKT5;
				INFOPLIST_FILE = Reconds/Info.plist;
				LD_RUNPATH_SEARCH_PATHS = (
					"$(inherited)",
					"@executable_path/Frameworks",
				);
				PRODUCT_BUNDLE_IDENTIFIER = com.YuHsinYeh.Reconds;
				PRODUCT_NAME = "$(TARGET_NAME)";
				SWIFT_VERSION = 5.0;
				TARGETED_DEVICE_FAMILY = "1,2";
			};
			name = Debug;
		};
		1E419A5A2251BAB6009B4F49 /* Release */ = {
			isa = XCBuildConfiguration;
			baseConfigurationReference = 050571E9D4904CCA58775BED /* Pods-Reconds.release.xcconfig */;
			buildSettings = {
				ALWAYS_EMBED_SWIFT_STANDARD_LIBRARIES = YES;
				ASSETCATALOG_COMPILER_APPICON_NAME = AppIcon;
				CODE_SIGN_STYLE = Automatic;
				DEVELOPMENT_TEAM = TS57F7BKT5;
				INFOPLIST_FILE = Reconds/Info.plist;
				LD_RUNPATH_SEARCH_PATHS = (
					"$(inherited)",
					"@executable_path/Frameworks",
				);
				PRODUCT_BUNDLE_IDENTIFIER = com.YuHsinYeh.Reconds;
				PRODUCT_NAME = "$(TARGET_NAME)";
				SWIFT_VERSION = 5.0;
				TARGETED_DEVICE_FAMILY = "1,2";
			};
			name = Release;
		};
/* End XCBuildConfiguration section */

/* Begin XCConfigurationList section */
		1E419A412251BAB1009B4F49 /* Build configuration list for PBXProject "Reconds" */ = {
			isa = XCConfigurationList;
			buildConfigurations = (
				1E419A562251BAB6009B4F49 /* Debug */,
				1E419A572251BAB6009B4F49 /* Release */,
			);
			defaultConfigurationIsVisible = 0;
			defaultConfigurationName = Release;
		};
		1E419A582251BAB6009B4F49 /* Build configuration list for PBXNativeTarget "Reconds" */ = {
			isa = XCConfigurationList;
			buildConfigurations = (
				1E419A592251BAB6009B4F49 /* Debug */,
				1E419A5A2251BAB6009B4F49 /* Release */,
			);
			defaultConfigurationIsVisible = 0;
			defaultConfigurationName = Release;
		};
/* End XCConfigurationList section */

/* Begin XCVersionGroup section */
		348FBD6C225F1F20000F53F6 /* Reconds.xcdatamodeld */ = {
			isa = XCVersionGroup;
			children = (
				348FBD6D225F1F20000F53F6 /* VideoDataModel.xcdatamodel */,
			);
			currentVersion = 348FBD6D225F1F20000F53F6 /* VideoDataModel.xcdatamodel */;
			path = Reconds.xcdatamodeld;
			sourceTree = "<group>";
			versionGroupType = wrapper.xcdatamodel;
		};
/* End XCVersionGroup section */
	};
	rootObject = 1E419A3E2251BAB1009B4F49 /* Project object */;
}
